// !$*UTF8*$!
{
	archiveVersion = 1;
	classes = {
	};
	objectVersion = 56;
	objects = {

/* Begin PBXBuildFile section */
		72033FDA2B7A93F400FFCF9E /* SettingsDetailView.swift in Sources */ = {isa = PBXBuildFile; fileRef = 72033FD92B7A93F400FFCF9E /* SettingsDetailView.swift */; };
		720A892A2B7DEC0E008F4D19 /* MapRooms.swift in Sources */ = {isa = PBXBuildFile; fileRef = 720A89292B7DEC0E008F4D19 /* MapRooms.swift */; };
		72152A1C2B7BD34500EA1754 /* AccountView.swift in Sources */ = {isa = PBXBuildFile; fileRef = 72152A1B2B7BD34500EA1754 /* AccountView.swift */; };
		724829532B7B3A78008099D1 /* SettingPannelViews.swift in Sources */ = {isa = PBXBuildFile; fileRef = 724829522B7B3A78008099D1 /* SettingPannelViews.swift */; };
		724829552B7B3EFC008099D1 /* FranklinMapView.swift in Sources */ = {isa = PBXBuildFile; fileRef = 724829542B7B3EFC008099D1 /* FranklinMapView.swift */; };
		726B7E832B7A8E6200982817 /* Settings.swift in Sources */ = {isa = PBXBuildFile; fileRef = 726B7E822B7A8E6200982817 /* Settings.swift */; };
		7275BA652B7D88DC00AF04F5 /* TabBarView.swift in Sources */ = {isa = PBXBuildFile; fileRef = 7275BA642B7D88DC00AF04F5 /* TabBarView.swift */; };
		729B3B362B89063F003631E6 /* AddBorder.swift in Sources */ = {isa = PBXBuildFile; fileRef = 729B3B352B89063F003631E6 /* AddBorder.swift */; };
		72B900CD2B7A89DA00DFBFAA /* SettingsView.swift in Sources */ = {isa = PBXBuildFile; fileRef = 72B900CC2B7A89DA00DFBFAA /* SettingsView.swift */; };
		72C8BE612B7737EF000C3897 /* ppsbathroomsApp.swift in Sources */ = {isa = PBXBuildFile; fileRef = 72C8BE602B7737EF000C3897 /* ppsbathroomsApp.swift */; };
		72C8BE632B7737EF000C3897 /* ContentView.swift in Sources */ = {isa = PBXBuildFile; fileRef = 72C8BE622B7737EF000C3897 /* ContentView.swift */; };
		72C8BE652B7737F0000C3897 /* Assets.xcassets in Resources */ = {isa = PBXBuildFile; fileRef = 72C8BE642B7737F0000C3897 /* Assets.xcassets */; };
		72C8BE682B7737F0000C3897 /* Preview Assets.xcassets in Resources */ = {isa = PBXBuildFile; fileRef = 72C8BE672B7737F0000C3897 /* Preview Assets.xcassets */; };
		72CD0D3A2B87B88000F78422 /* franklinOverlayView.swift in Sources */ = {isa = PBXBuildFile; fileRef = 72CD0D392B87B88000F78422 /* franklinOverlayView.swift */; };
		72D7B07E2B81F13100DDF9B5 /* ApiManager.swift in Sources */ = {isa = PBXBuildFile; fileRef = 72D7B07D2B81F13100DDF9B5 /* ApiManager.swift */; };
		72DEF6352B848AB20032A5AA /* ProfileView.swift in Sources */ = {isa = PBXBuildFile; fileRef = 72DEF6342B848AB20032A5AA /* ProfileView.swift */; };
		72E4EE982B8511A000A2CE17 /* LoginView.swift in Sources */ = {isa = PBXBuildFile; fileRef = 72E4EE972B8511A000A2CE17 /* LoginView.swift */; };
/* End PBXBuildFile section */

/* Begin PBXFileReference section */
		72033FD92B7A93F400FFCF9E /* SettingsDetailView.swift */ = {isa = PBXFileReference; lastKnownFileType = sourcecode.swift; path = SettingsDetailView.swift; sourceTree = "<group>"; };
		720A89292B7DEC0E008F4D19 /* MapRooms.swift */ = {isa = PBXFileReference; lastKnownFileType = sourcecode.swift; path = MapRooms.swift; sourceTree = "<group>"; };
		72152A1B2B7BD34500EA1754 /* AccountView.swift */ = {isa = PBXFileReference; lastKnownFileType = sourcecode.swift; path = AccountView.swift; sourceTree = "<group>"; };
		724829522B7B3A78008099D1 /* SettingPannelViews.swift */ = {isa = PBXFileReference; lastKnownFileType = sourcecode.swift; path = SettingPannelViews.swift; sourceTree = "<group>"; };
		724829542B7B3EFC008099D1 /* FranklinMapView.swift */ = {isa = PBXFileReference; lastKnownFileType = sourcecode.swift; path = FranklinMapView.swift; sourceTree = "<group>"; };
		724829562B7B3FE6008099D1 /* Info.plist */ = {isa = PBXFileReference; lastKnownFileType = text.plist; path = Info.plist; sourceTree = "<group>"; };
		726B7E822B7A8E6200982817 /* Settings.swift */ = {isa = PBXFileReference; lastKnownFileType = sourcecode.swift; path = Settings.swift; sourceTree = "<group>"; };
		7275BA642B7D88DC00AF04F5 /* TabBarView.swift */ = {isa = PBXFileReference; lastKnownFileType = sourcecode.swift; path = TabBarView.swift; sourceTree = "<group>"; };
		729B3B352B89063F003631E6 /* AddBorder.swift */ = {isa = PBXFileReference; lastKnownFileType = sourcecode.swift; path = AddBorder.swift; sourceTree = "<group>"; };
		72B900CC2B7A89DA00DFBFAA /* SettingsView.swift */ = {isa = PBXFileReference; lastKnownFileType = sourcecode.swift; path = SettingsView.swift; sourceTree = "<group>"; };
		72C8BE5D2B7737EF000C3897 /* ppsbathrooms.app */ = {isa = PBXFileReference; explicitFileType = wrapper.application; includeInIndex = 0; path = ppsbathrooms.app; sourceTree = BUILT_PRODUCTS_DIR; };
		72C8BE602B7737EF000C3897 /* ppsbathroomsApp.swift */ = {isa = PBXFileReference; lastKnownFileType = sourcecode.swift; path = ppsbathroomsApp.swift; sourceTree = "<group>"; };
		72C8BE622B7737EF000C3897 /* ContentView.swift */ = {isa = PBXFileReference; lastKnownFileType = sourcecode.swift; path = ContentView.swift; sourceTree = "<group>"; };
		72C8BE642B7737F0000C3897 /* Assets.xcassets */ = {isa = PBXFileReference; lastKnownFileType = folder.assetcatalog; path = Assets.xcassets; sourceTree = "<group>"; };
		72C8BE672B7737F0000C3897 /* Preview Assets.xcassets */ = {isa = PBXFileReference; lastKnownFileType = folder.assetcatalog; path = "Preview Assets.xcassets"; sourceTree = "<group>"; };
		72CD0D392B87B88000F78422 /* franklinOverlayView.swift */ = {isa = PBXFileReference; lastKnownFileType = sourcecode.swift; path = franklinOverlayView.swift; sourceTree = "<group>"; };
		72D7B07D2B81F13100DDF9B5 /* ApiManager.swift */ = {isa = PBXFileReference; lastKnownFileType = sourcecode.swift; path = ApiManager.swift; sourceTree = "<group>"; };
		72DEF6342B848AB20032A5AA /* ProfileView.swift */ = {isa = PBXFileReference; lastKnownFileType = sourcecode.swift; path = ProfileView.swift; sourceTree = "<group>"; };
		72E4EE972B8511A000A2CE17 /* LoginView.swift */ = {isa = PBXFileReference; lastKnownFileType = sourcecode.swift; path = LoginView.swift; sourceTree = "<group>"; };
/* End PBXFileReference section */

/* Begin PBXFrameworksBuildPhase section */
		72C8BE5A2B7737EF000C3897 /* Frameworks */ = {
			isa = PBXFrameworksBuildPhase;
			buildActionMask = 2147483647;
			files = (
			);
			runOnlyForDeploymentPostprocessing = 0;
		};
/* End PBXFrameworksBuildPhase section */

/* Begin PBXGroup section */
		72152A1A2B7BD31E00EA1754 /* SettingPannelViews */ = {
			isa = PBXGroup;
			children = (
				724829522B7B3A78008099D1 /* SettingPannelViews.swift */,
				72152A1B2B7BD34500EA1754 /* AccountView.swift */,
			);
			path = SettingPannelViews;
			sourceTree = "<group>";
		};
		7275BA662B7DB8E300AF04F5 /* Settings */ = {
			isa = PBXGroup;
			children = (
				726B7E822B7A8E6200982817 /* Settings.swift */,
				72033FD92B7A93F400FFCF9E /* SettingsDetailView.swift */,
				72B900CC2B7A89DA00DFBFAA /* SettingsView.swift */,
				72152A1A2B7BD31E00EA1754 /* SettingPannelViews */,
			);
			path = Settings;
			sourceTree = "<group>";
		};
		7275BA672B7DB8F400AF04F5 /* Map */ = {
			isa = PBXGroup;
			children = (
				724829542B7B3EFC008099D1 /* FranklinMapView.swift */,
				72CD0D392B87B88000F78422 /* franklinOverlayView.swift */,
				720A89292B7DEC0E008F4D19 /* MapRooms.swift */,
				72D7B07D2B81F13100DDF9B5 /* ApiManager.swift */,
			);
			path = Map;
			sourceTree = "<group>";
		};
		7275BA6A2B7DB91A00AF04F5 /* Profile */ = {
			isa = PBXGroup;
			children = (
				72DEF6342B848AB20032A5AA /* ProfileView.swift */,
				72E4EE972B8511A000A2CE17 /* LoginView.swift */,
			);
			path = Profile;
			sourceTree = "<group>";
		};
		729B3B372B890653003631E6 /* Utilities */ = {
			isa = PBXGroup;
			children = (
				729B3B352B89063F003631E6 /* AddBorder.swift */,
			);
			path = Utilities;
			sourceTree = "<group>";
		};
		72C8BE542B7737EF000C3897 = {
			isa = PBXGroup;
			children = (
				72C8BE5F2B7737EF000C3897 /* ppsbathrooms */,
				72C8BE5E2B7737EF000C3897 /* Products */,
			);
			sourceTree = "<group>";
		};
		72C8BE5E2B7737EF000C3897 /* Products */ = {
			isa = PBXGroup;
			children = (
				72C8BE5D2B7737EF000C3897 /* ppsbathrooms.app */,
			);
			name = Products;
			sourceTree = "<group>";
		};
		72C8BE5F2B7737EF000C3897 /* ppsbathrooms */ = {
			isa = PBXGroup;
			children = (
				729B3B372B890653003631E6 /* Utilities */,
				724829562B7B3FE6008099D1 /* Info.plist */,
				72C8BE602B7737EF000C3897 /* ppsbathroomsApp.swift */,
				72C8BE622B7737EF000C3897 /* ContentView.swift */,
				7275BA642B7D88DC00AF04F5 /* TabBarView.swift */,
				7275BA6A2B7DB91A00AF04F5 /* Profile */,
				7275BA662B7DB8E300AF04F5 /* Settings */,
				7275BA672B7DB8F400AF04F5 /* Map */,
				72C8BE642B7737F0000C3897 /* Assets.xcassets */,
				72C8BE662B7737F0000C3897 /* Preview Content */,
			);
			path = ppsbathrooms;
			sourceTree = "<group>";
		};
		72C8BE662B7737F0000C3897 /* Preview Content */ = {
			isa = PBXGroup;
			children = (
				72C8BE672B7737F0000C3897 /* Preview Assets.xcassets */,
			);
			path = "Preview Content";
			sourceTree = "<group>";
		};
/* End PBXGroup section */

/* Begin PBXNativeTarget section */
		72C8BE5C2B7737EF000C3897 /* ppsbathrooms */ = {
			isa = PBXNativeTarget;
			buildConfigurationList = 72C8BE6B2B7737F0000C3897 /* Build configuration list for PBXNativeTarget "ppsbathrooms" */;
			buildPhases = (
				72C8BE592B7737EF000C3897 /* Sources */,
				72C8BE5A2B7737EF000C3897 /* Frameworks */,
				72C8BE5B2B7737EF000C3897 /* Resources */,
			);
			buildRules = (
			);
			dependencies = (
			);
			name = ppsbathrooms;
			packageProductDependencies = (
			);
			productName = ppsbathrooms;
			productReference = 72C8BE5D2B7737EF000C3897 /* ppsbathrooms.app */;
			productType = "com.apple.product-type.application";
		};
/* End PBXNativeTarget section */

/* Begin PBXProject section */
		72C8BE552B7737EF000C3897 /* Project object */ = {
			isa = PBXProject;
			attributes = {
				BuildIndependentTargetsInParallel = 1;
				LastSwiftUpdateCheck = 1520;
				LastUpgradeCheck = 1520;
				TargetAttributes = {
					72C8BE5C2B7737EF000C3897 = {
						CreatedOnToolsVersion = 15.2;
					};
				};
			};
			buildConfigurationList = 72C8BE582B7737EF000C3897 /* Build configuration list for PBXProject "ppsbathrooms" */;
			compatibilityVersion = "Xcode 14.0";
			developmentRegion = en;
			hasScannedForEncodings = 0;
			knownRegions = (
				en,
				Base,
			);
			mainGroup = 72C8BE542B7737EF000C3897;
			packageReferences = (
			);
			productRefGroup = 72C8BE5E2B7737EF000C3897 /* Products */;
			projectDirPath = "";
			projectRoot = "";
			targets = (
				72C8BE5C2B7737EF000C3897 /* ppsbathrooms */,
			);
		};
/* End PBXProject section */

/* Begin PBXResourcesBuildPhase section */
		72C8BE5B2B7737EF000C3897 /* Resources */ = {
			isa = PBXResourcesBuildPhase;
			buildActionMask = 2147483647;
			files = (
				72C8BE682B7737F0000C3897 /* Preview Assets.xcassets in Resources */,
				72C8BE652B7737F0000C3897 /* Assets.xcassets in Resources */,
			);
			runOnlyForDeploymentPostprocessing = 0;
		};
/* End PBXResourcesBuildPhase section */

/* Begin PBXSourcesBuildPhase section */
		72C8BE592B7737EF000C3897 /* Sources */ = {
			isa = PBXSourcesBuildPhase;
			buildActionMask = 2147483647;
			files = (
				724829552B7B3EFC008099D1 /* FranklinMapView.swift in Sources */,
				7275BA652B7D88DC00AF04F5 /* TabBarView.swift in Sources */,
				72DEF6352B848AB20032A5AA /* ProfileView.swift in Sources */,
				72B900CD2B7A89DA00DFBFAA /* SettingsView.swift in Sources */,
				729B3B362B89063F003631E6 /* AddBorder.swift in Sources */,
				724829532B7B3A78008099D1 /* SettingPannelViews.swift in Sources */,
				72033FDA2B7A93F400FFCF9E /* SettingsDetailView.swift in Sources */,
				720A892A2B7DEC0E008F4D19 /* MapRooms.swift in Sources */,
				72C8BE632B7737EF000C3897 /* ContentView.swift in Sources */,
				72152A1C2B7BD34500EA1754 /* AccountView.swift in Sources */,
				726B7E832B7A8E6200982817 /* Settings.swift in Sources */,
				72E4EE982B8511A000A2CE17 /* LoginView.swift in Sources */,
				72C8BE612B7737EF000C3897 /* ppsbathroomsApp.swift in Sources */,
				72CD0D3A2B87B88000F78422 /* franklinOverlayView.swift in Sources */,
				72D7B07E2B81F13100DDF9B5 /* ApiManager.swift in Sources */,
			);
			runOnlyForDeploymentPostprocessing = 0;
		};
/* End PBXSourcesBuildPhase section */

/* Begin XCBuildConfiguration section */
		72C8BE692B7737F0000C3897 /* Debug */ = {
			isa = XCBuildConfiguration;
			buildSettings = {
				ALWAYS_SEARCH_USER_PATHS = NO;
				ASSETCATALOG_COMPILER_GENERATE_SWIFT_ASSET_SYMBOL_EXTENSIONS = YES;
				CLANG_ANALYZER_NONNULL = YES;
				CLANG_ANALYZER_NUMBER_OBJECT_CONVERSION = YES_AGGRESSIVE;
				CLANG_CXX_LANGUAGE_STANDARD = "gnu++20";
				CLANG_ENABLE_MODULES = YES;
				CLANG_ENABLE_OBJC_ARC = YES;
				CLANG_ENABLE_OBJC_WEAK = YES;
				CLANG_WARN_BLOCK_CAPTURE_AUTORELEASING = YES;
				CLANG_WARN_BOOL_CONVERSION = YES;
				CLANG_WARN_COMMA = YES;
				CLANG_WARN_CONSTANT_CONVERSION = YES;
				CLANG_WARN_DEPRECATED_OBJC_IMPLEMENTATIONS = YES;
				CLANG_WARN_DIRECT_OBJC_ISA_USAGE = YES_ERROR;
				CLANG_WARN_DOCUMENTATION_COMMENTS = YES;
				CLANG_WARN_EMPTY_BODY = YES;
				CLANG_WARN_ENUM_CONVERSION = YES;
				CLANG_WARN_INFINITE_RECURSION = YES;
				CLANG_WARN_INT_CONVERSION = YES;
				CLANG_WARN_NON_LITERAL_NULL_CONVERSION = YES;
				CLANG_WARN_OBJC_IMPLICIT_RETAIN_SELF = YES;
				CLANG_WARN_OBJC_LITERAL_CONVERSION = YES;
				CLANG_WARN_OBJC_ROOT_CLASS = YES_ERROR;
				CLANG_WARN_QUOTED_INCLUDE_IN_FRAMEWORK_HEADER = YES;
				CLANG_WARN_RANGE_LOOP_ANALYSIS = YES;
				CLANG_WARN_STRICT_PROTOTYPES = YES;
				CLANG_WARN_SUSPICIOUS_MOVE = YES;
				CLANG_WARN_UNGUARDED_AVAILABILITY = YES_AGGRESSIVE;
				CLANG_WARN_UNREACHABLE_CODE = YES;
				CLANG_WARN__DUPLICATE_METHOD_MATCH = YES;
				COPY_PHASE_STRIP = NO;
				DEBUG_INFORMATION_FORMAT = dwarf;
				ENABLE_STRICT_OBJC_MSGSEND = YES;
				ENABLE_TESTABILITY = YES;
				ENABLE_USER_SCRIPT_SANDBOXING = YES;
				GCC_C_LANGUAGE_STANDARD = gnu17;
				GCC_DYNAMIC_NO_PIC = NO;
				GCC_NO_COMMON_BLOCKS = YES;
				GCC_OPTIMIZATION_LEVEL = 0;
				GCC_PREPROCESSOR_DEFINITIONS = (
					"DEBUG=1",
					"$(inherited)",
				);
				GCC_WARN_64_TO_32_BIT_CONVERSION = YES;
				GCC_WARN_ABOUT_RETURN_TYPE = YES_ERROR;
				GCC_WARN_UNDECLARED_SELECTOR = YES;
				GCC_WARN_UNINITIALIZED_AUTOS = YES_AGGRESSIVE;
				GCC_WARN_UNUSED_FUNCTION = YES;
				GCC_WARN_UNUSED_VARIABLE = YES;
				IPHONEOS_DEPLOYMENT_TARGET = 17.2;
				LOCALIZATION_PREFERS_STRING_CATALOGS = YES;
				MTL_ENABLE_DEBUG_INFO = INCLUDE_SOURCE;
				MTL_FAST_MATH = YES;
				ONLY_ACTIVE_ARCH = YES;
				SDKROOT = iphoneos;
				SWIFT_ACTIVE_COMPILATION_CONDITIONS = "DEBUG $(inherited)";
				SWIFT_OPTIMIZATION_LEVEL = "-Onone";
			};
			name = Debug;
		};
		72C8BE6A2B7737F0000C3897 /* Release */ = {
			isa = XCBuildConfiguration;
			buildSettings = {
				ALWAYS_SEARCH_USER_PATHS = NO;
				ASSETCATALOG_COMPILER_GENERATE_SWIFT_ASSET_SYMBOL_EXTENSIONS = YES;
				CLANG_ANALYZER_NONNULL = YES;
				CLANG_ANALYZER_NUMBER_OBJECT_CONVERSION = YES_AGGRESSIVE;
				CLANG_CXX_LANGUAGE_STANDARD = "gnu++20";
				CLANG_ENABLE_MODULES = YES;
				CLANG_ENABLE_OBJC_ARC = YES;
				CLANG_ENABLE_OBJC_WEAK = YES;
				CLANG_WARN_BLOCK_CAPTURE_AUTORELEASING = YES;
				CLANG_WARN_BOOL_CONVERSION = YES;
				CLANG_WARN_COMMA = YES;
				CLANG_WARN_CONSTANT_CONVERSION = YES;
				CLANG_WARN_DEPRECATED_OBJC_IMPLEMENTATIONS = YES;
				CLANG_WARN_DIRECT_OBJC_ISA_USAGE = YES_ERROR;
				CLANG_WARN_DOCUMENTATION_COMMENTS = YES;
				CLANG_WARN_EMPTY_BODY = YES;
				CLANG_WARN_ENUM_CONVERSION = YES;
				CLANG_WARN_INFINITE_RECURSION = YES;
				CLANG_WARN_INT_CONVERSION = YES;
				CLANG_WARN_NON_LITERAL_NULL_CONVERSION = YES;
				CLANG_WARN_OBJC_IMPLICIT_RETAIN_SELF = YES;
				CLANG_WARN_OBJC_LITERAL_CONVERSION = YES;
				CLANG_WARN_OBJC_ROOT_CLASS = YES_ERROR;
				CLANG_WARN_QUOTED_INCLUDE_IN_FRAMEWORK_HEADER = YES;
				CLANG_WARN_RANGE_LOOP_ANALYSIS = YES;
				CLANG_WARN_STRICT_PROTOTYPES = YES;
				CLANG_WARN_SUSPICIOUS_MOVE = YES;
				CLANG_WARN_UNGUARDED_AVAILABILITY = YES_AGGRESSIVE;
				CLANG_WARN_UNREACHABLE_CODE = YES;
				CLANG_WARN__DUPLICATE_METHOD_MATCH = YES;
				COPY_PHASE_STRIP = NO;
				DEBUG_INFORMATION_FORMAT = "dwarf-with-dsym";
				ENABLE_NS_ASSERTIONS = NO;
				ENABLE_STRICT_OBJC_MSGSEND = YES;
				ENABLE_USER_SCRIPT_SANDBOXING = YES;
				GCC_C_LANGUAGE_STANDARD = gnu17;
				GCC_NO_COMMON_BLOCKS = YES;
				GCC_WARN_64_TO_32_BIT_CONVERSION = YES;
				GCC_WARN_ABOUT_RETURN_TYPE = YES_ERROR;
				GCC_WARN_UNDECLARED_SELECTOR = YES;
				GCC_WARN_UNINITIALIZED_AUTOS = YES_AGGRESSIVE;
				GCC_WARN_UNUSED_FUNCTION = YES;
				GCC_WARN_UNUSED_VARIABLE = YES;
				IPHONEOS_DEPLOYMENT_TARGET = 17.2;
				LOCALIZATION_PREFERS_STRING_CATALOGS = YES;
				MTL_ENABLE_DEBUG_INFO = NO;
				MTL_FAST_MATH = YES;
				SDKROOT = iphoneos;
				SWIFT_COMPILATION_MODE = wholemodule;
				VALIDATE_PRODUCT = YES;
			};
			name = Release;
		};
		72C8BE6C2B7737F0000C3897 /* Debug */ = {
			isa = XCBuildConfiguration;
			buildSettings = {
				ASSETCATALOG_COMPILER_APPICON_NAME = AppIcon;
				ASSETCATALOG_COMPILER_GLOBAL_ACCENT_COLOR_NAME = AccentColor;
				CODE_SIGN_STYLE = Automatic;
				CURRENT_PROJECT_VERSION = 1;
				DEVELOPMENT_ASSET_PATHS = "\"ppsbathrooms/Preview Content\"";
				ENABLE_PREVIEWS = YES;
				GENERATE_INFOPLIST_FILE = YES;
				INFOPLIST_FILE = ppsbathrooms/Info.plist;
				INFOPLIST_KEY_UIApplicationSceneManifest_Generation = YES;
				INFOPLIST_KEY_UIApplicationSupportsIndirectInputEvents = YES;
				INFOPLIST_KEY_UILaunchScreen_Generation = YES;
				INFOPLIST_KEY_UISupportedInterfaceOrientations = UIInterfaceOrientationPortrait;
				INFOPLIST_KEY_UISupportedInterfaceOrientations_iPad = "UIInterfaceOrientationPortrait UIInterfaceOrientationPortraitUpsideDown";
				LD_RUNPATH_SEARCH_PATHS = (
					"$(inherited)",
					"@executable_path/Frameworks",
				);
				MARKETING_VERSION = 1.0;
				PRODUCT_BUNDLE_IDENTIFIER = ppsbathrooms.ppsbathrooms;
				PRODUCT_NAME = "$(TARGET_NAME)";
				SWIFT_EMIT_LOC_STRINGS = YES;
				SWIFT_VERSION = 5.0;
				TARGETED_DEVICE_FAMILY = "1,2";
			};
			name = Debug;
		};
		72C8BE6D2B7737F0000C3897 /* Release */ = {
			isa = XCBuildConfiguration;
			buildSettings = {
				ASSETCATALOG_COMPILER_APPICON_NAME = AppIcon;
				ASSETCATALOG_COMPILER_GLOBAL_ACCENT_COLOR_NAME = AccentColor;
				CODE_SIGN_STYLE = Automatic;
				CURRENT_PROJECT_VERSION = 1;
				DEVELOPMENT_ASSET_PATHS = "\"ppsbathrooms/Preview Content\"";
				ENABLE_PREVIEWS = YES;
				GENERATE_INFOPLIST_FILE = YES;
				INFOPLIST_FILE = ppsbathrooms/Info.plist;
				INFOPLIST_KEY_UIApplicationSceneManifest_Generation = YES;
				INFOPLIST_KEY_UIApplicationSupportsIndirectInputEvents = YES;
				INFOPLIST_KEY_UILaunchScreen_Generation = YES;
				INFOPLIST_KEY_UISupportedInterfaceOrientations = UIInterfaceOrientationPortrait;
				INFOPLIST_KEY_UISupportedInterfaceOrientations_iPad = "UIInterfaceOrientationPortrait UIInterfaceOrientationPortraitUpsideDown";
				LD_RUNPATH_SEARCH_PATHS = (
					"$(inherited)",
					"@executable_path/Frameworks",
				);
				MARKETING_VERSION = 1.0;
				PRODUCT_BUNDLE_IDENTIFIER = ppsbathrooms.ppsbathrooms;
				PRODUCT_NAME = "$(TARGET_NAME)";
				SWIFT_EMIT_LOC_STRINGS = YES;
				SWIFT_VERSION = 5.0;
				TARGETED_DEVICE_FAMILY = "1,2";
			};
			name = Release;
		};
/* End XCBuildConfiguration section */

/* Begin XCConfigurationList section */
		72C8BE582B7737EF000C3897 /* Build configuration list for PBXProject "ppsbathrooms" */ = {
			isa = XCConfigurationList;
			buildConfigurations = (
				72C8BE692B7737F0000C3897 /* Debug */,
				72C8BE6A2B7737F0000C3897 /* Release */,
			);
			defaultConfigurationIsVisible = 0;
			defaultConfigurationName = Release;
		};
		72C8BE6B2B7737F0000C3897 /* Build configuration list for PBXNativeTarget "ppsbathrooms" */ = {
			isa = XCConfigurationList;
			buildConfigurations = (
				72C8BE6C2B7737F0000C3897 /* Debug */,
				72C8BE6D2B7737F0000C3897 /* Release */,
			);
			defaultConfigurationIsVisible = 0;
			defaultConfigurationName = Release;
		};
/* End XCConfigurationList section */
	};
	rootObject = 72C8BE552B7737EF000C3897 /* Project object */;
}
